
Microsoft Visual Studio Solution File, Format Version 12.00
# Visual Studio Version 17
VisualStudioVersion = 17.8.34330.188
MinimumVisualStudioVersion = 10.0.40219.1
Project("{FAE04EC0-301F-11D3-BF4B-00C04F79EFBC}") = "aes", "aes\aes.csproj", "{1BD664B1-7A6F-43F1-8011-7FAB3B0653FD}"
EndProject
Global
	GlobalSection(SolutionConfigurationPlatforms) = preSolution
		Debug|Any CPU = Debug|Any CPU
		Release|Any CPU = Release|Any CPU
	EndGlobalSection
	GlobalSection(ProjectConfigurationPlatforms) = postSolution
		{1BD664B1-7A6F-43F1-8011-7FAB3B0653FD}.Debug|Any CPU.ActiveCfg = Debug|Any CPU
		{1BD664B1-7A6F-43F1-8011-7FAB3B0653FD}.Debug|Any CPU.Build.0 = Debug|Any CPU
		{1BD664B1-7A6F-43F1-8011-7FAB3B0653FD}.Release|Any CPU.ActiveCfg = Release|Any CPU
		{1BD664B1-7A6F-43F1-8011-7FAB3B0653FD}.Release|Any CPU.Build.0 = Release|Any CPU
	EndGlobalSection
	GlobalSection(SolutionProperties) = preSolution
		HideSolutionNode = FALSE
	EndGlobalSection
	GlobalSection(ExtensibilityGlobals) = postSolution
		SolutionGuid = {C4C61BA0-C6DE-41B2-BBBB-A4EC42551A1F}
	EndGlobalSection
EndGlobal
